
Microsoft Visual Studio Solution File, Format Version 12.00
# Visual Studio Version 17
VisualStudioVersion = 17.6.33723.286
MinimumVisualStudioVersion = 10.0.40219.1
Project("{FAE04EC0-301F-11D3-BF4B-00C04F79EFBC}") = "ForAnimalsWithLove", "ForAnimalsWithLove.csproj", "{8DA20D49-3463-4C0A-81CD-78B601A82349}"
EndProject
Project("{FAE04EC0-301F-11D3-BF4B-00C04F79EFBC}") = "ForAnimalsWithLove.Data", "..\ForAnimalsWithLove.Data\ForAnimalsWithLove.Data.csproj", "{67584452-8081-4D8B-9ACB-15698CC52AA0}"
EndProject
Project("{FAE04EC0-301F-11D3-BF4B-00C04F79EFBC}") = "ForAnimalsWithLove.Common", "..\ForAnimalsWithLove.Common\ForAnimalsWithLove.Common.csproj", "{44C9F2DA-787A-4612-A08D-7DD2B06C879F}"
EndProject
Global
	GlobalSection(SolutionConfigurationPlatforms) = preSolution
		Debug|Any CPU = Debug|Any CPU
		Release|Any CPU = Release|Any CPU
	EndGlobalSection
	GlobalSection(ProjectConfigurationPlatforms) = postSolution
		{8DA20D49-3463-4C0A-81CD-78B601A82349}.Debug|Any CPU.ActiveCfg = Debug|Any CPU
		{8DA20D49-3463-4C0A-81CD-78B601A82349}.Debug|Any CPU.Build.0 = Debug|Any CPU
		{8DA20D49-3463-4C0A-81CD-78B601A82349}.Release|Any CPU.ActiveCfg = Release|Any CPU
		{8DA20D49-3463-4C0A-81CD-78B601A82349}.Release|Any CPU.Build.0 = Release|Any CPU
		{67584452-8081-4D8B-9ACB-15698CC52AA0}.Debug|Any CPU.ActiveCfg = Debug|Any CPU
		{67584452-8081-4D8B-9ACB-15698CC52AA0}.Debug|Any CPU.Build.0 = Debug|Any CPU
		{67584452-8081-4D8B-9ACB-15698CC52AA0}.Release|Any CPU.ActiveCfg = Release|Any CPU
		{67584452-8081-4D8B-9ACB-15698CC52AA0}.Release|Any CPU.Build.0 = Release|Any CPU
		{44C9F2DA-787A-4612-A08D-7DD2B06C879F}.Debug|Any CPU.ActiveCfg = Debug|Any CPU
		{44C9F2DA-787A-4612-A08D-7DD2B06C879F}.Debug|Any CPU.Build.0 = Debug|Any CPU
		{44C9F2DA-787A-4612-A08D-7DD2B06C879F}.Release|Any CPU.ActiveCfg = Release|Any CPU
		{44C9F2DA-787A-4612-A08D-7DD2B06C879F}.Release|Any CPU.Build.0 = Release|Any CPU
	EndGlobalSection
	GlobalSection(SolutionProperties) = preSolution
		HideSolutionNode = FALSE
	EndGlobalSection
	GlobalSection(ExtensibilityGlobals) = postSolution
		SolutionGuid = {1B59D367-3BD3-4EF1-831C-42642B03D69A}
	EndGlobalSection
EndGlobal
